
Microsoft Visual Studio Solution File, Format Version 12.00
# Visual Studio Express 15 for Windows Desktop
VisualStudioVersion = 15.0.28307.705
MinimumVisualStudioVersion = 10.0.40219.1
Project("{FAE04EC0-301F-11D3-BF4B-00C04F79EFBC}") = "Vehicle", "Vehicle\Vehicle.csproj", "{39263C16-1E32-477D-B88E-5DCDE852C2DF}"
EndProject
Global
	GlobalSection(SolutionConfigurationPlatforms) = preSolution
		Debug|Any CPU = Debug|Any CPU
		Release|Any CPU = Release|Any CPU
	EndGlobalSection
	GlobalSection(ProjectConfigurationPlatforms) = postSolution
		{39263C16-1E32-477D-B88E-5DCDE852C2DF}.Debug|Any CPU.ActiveCfg = Debug|Any CPU
		{39263C16-1E32-477D-B88E-5DCDE852C2DF}.Debug|Any CPU.Build.0 = Debug|Any CPU
		{39263C16-1E32-477D-B88E-5DCDE852C2DF}.Release|Any CPU.ActiveCfg = Release|Any CPU
		{39263C16-1E32-477D-B88E-5DCDE852C2DF}.Release|Any CPU.Build.0 = Release|Any CPU
	EndGlobalSection
	GlobalSection(SolutionProperties) = preSolution
		HideSolutionNode = FALSE
	EndGlobalSection
	GlobalSection(ExtensibilityGlobals) = postSolution
		SolutionGuid = {8EEFFE8B-BDE0-4B56-B6DB-C8DEE7CB0E07}
	EndGlobalSection
EndGlobal
